PODS:
  - AccountKit (4.31.0)
  - Alamofire (4.7.3)
  - Bolts (1.9.0):
    - Bolts/AppLinks (= 1.9.0)
    - Bolts/Tasks (= 1.9.0)
  - Bolts/AppLinks (1.9.0):
    - Bolts/Tasks
  - Bolts/Tasks (1.9.0)
  - BRYXBanner (0.8.0)
  - FBSDKCoreKit (4.34.0):
    - Bolts (~> 1.7)
  - FBSDKLoginKit (4.34.0):
    - FBSDKCoreKit
  - Firebase/Core (5.4.1):
    - Firebase/CoreOnly
    - FirebaseAnalytics (= 5.0.1)
  - Firebase/CoreOnly (5.4.1):
    - FirebaseCore (= 5.0.6)
  - Firebase/Messaging (5.4.1):
    - Firebase/CoreOnly
    - FirebaseMessaging (= 3.0.3)
  - FirebaseAnalytics (5.0.1):
    - FirebaseCore (~> 5.0)
    - FirebaseInstanceID (~> 3.0)
    - "GoogleToolboxForMac/NSData+zlib (~> 2.1)"
    - nanopb (~> 0.3)
  - FirebaseCore (5.0.6):
    - "GoogleToolboxForMac/NSData+zlib (~> 2.1)"
  - FirebaseInstanceID (3.1.1):
    - FirebaseCore (~> 5.0)
  - FirebaseMessaging (3.0.3):
    - FirebaseCore (~> 5.0)
    - FirebaseInstanceID (~> 3.0)
    - GoogleToolboxForMac/Logger (~> 2.1)
    - Protobuf (~> 3.1)
  - GoogleToolboxForMac/Defines (2.1.4)
  - GoogleToolboxForMac/Logger (2.1.4):
    - GoogleToolboxForMac/Defines (= 2.1.4)
  - "GoogleToolboxForMac/NSData+zlib (2.1.4)":
    - GoogleToolboxForMac/Defines (= 2.1.4)
  - JHSpinner (0.2.1)
  - Kingfisher (4.8.0)
  - nanopb (0.3.8):
    - nanopb/decode (= 0.3.8)
    - nanopb/encode (= 0.3.8)
  - nanopb/decode (0.3.8)
  - nanopb/encode (0.3.8)
  - Protobuf (3.6.0)
  - SCLAlertView (0.8)

DEPENDENCIES:
  - AccountKit
  - Alamofire (~> 4.7)
  - BRYXBanner
  - FBSDKLoginKit
  - Firebase/Core
  - Firebase/Messaging
  - JHSpinner
  - Kingfisher (~> 4.0)
  - SCLAlertView

SPEC REPOS:
  https://github.com/cocoapods/specs.git:
    - AccountKit
    - Alamofire
    - Bolts
    - BRYXBanner
    - FBSDKCoreKit
    - FBSDKLoginKit
    - Firebase
    - FirebaseAnalytics
    - FirebaseCore
    - FirebaseInstanceID
    - FirebaseMessaging
    - GoogleToolboxForMac
    - JHSpinner
    - Kingfisher
    - nanopb
    - Protobuf
    - SCLAlertView

SPEC CHECKSUMS:
  AccountKit: f3e48047e6fb1c433dff37c61158fd32bbc482cf
  Alamofire: c7287b6e5d7da964a70935e5db17046b7fde6568
  Bolts: ac6567323eac61e203f6a9763667d0f711be34c8
  BRYXBanner: 406c3775789136531da6f3c98058be2f16e08a34
  FBSDKCoreKit: 0ff57f093b85c8c9d5aba697d3edf68a8960ce78
  FBSDKLoginKit: 8c78f57a145afb756e4755e69195ebe08a42466e
  Firebase: 355bd535bfdacaa82a7fe8d9784115edefd6fc03
  FirebaseAnalytics: b3628aea54c50464c32c393fb2ea032566e7ecc2
  FirebaseCore: 4c28e3b9708ba48a765e76515f913a71596eb5dd
  FirebaseInstanceID: f3f0657372592ecdfdfe2cac604a5a75758376a6
  FirebaseMessaging: f43eb0c0e1da096e659de6f713038e74862a62cd
  GoogleToolboxForMac: 91c824d21e85b31c2aae9bb011c5027c9b4e738f
  JHSpinner: bf7cc91a7e0ccad6336d2b0a3429dd34e7325e65
  Kingfisher: 976d828df2b24834c6a3f2fc4d82cdbd26552be1
  nanopb: 5601e6bca2dbf1ed831b519092ec110f66982ca3
  Protobuf: 0fc0ad8bec688b2a3017a139953e01374fedbd5f
  SCLAlertView: 6a77bb2edfc65e04dbe57725546cb4107a506b85

PODFILE CHECKSUM: e93458fc5291e05128e5aa3d98787d358c5820ec

COCOAPODS: 1.6.0
